{
  "lockfileVersion": 1,
  "workspaces": {
    "": {
      "dependencies": {
        "chrome-types": "^0.1.336",
      },
    },
  },
  "packages": {
    "chrome-types": ["chrome-types@0.1.336", "", {}, "sha512-o/SMyCSt7moPtT78ey9iE7iXWbwU1J9tY4eBjIuVdPtjD9deXsrI0CSAiD58JmUvet0W7iH42xr5+/gTr5bGjg=="],
  }
}
